
Microsoft Visual Studio Solution File, Format Version 12.00
# Visual Studio Version 17
VisualStudioVersion = 17.9.34723.18
MinimumVisualStudioVersion = 10.0.40219.1
Project("{8BC9CEB8-8B4A-11D0-8D11-00A0C91BC942}") = "print_even_odd", "print_even_odd.vcxproj", "{F2141C7B-5662-429C-AFB5-37B9BD1A6942}"
EndProject
Global
	GlobalSection(SolutionConfigurationPlatforms) = preSolution
		Debug|x64 = Debug|x64
		Debug|x86 = Debug|x86
		Release|x64 = Release|x64
		Release|x86 = Release|x86
	EndGlobalSection
	GlobalSection(ProjectConfigurationPlatforms) = postSolution
		{F2141C7B-5662-429C-AFB5-37B9BD1A6942}.Debug|x64.ActiveCfg = Debug|x64
		{F2141C7B-5662-429C-AFB5-37B9BD1A6942}.Debug|x64.Build.0 = Debug|x64
		{F2141C7B-5662-429C-AFB5-37B9BD1A6942}.Debug|x86.ActiveCfg = Debug|Win32
		{F2141C7B-5662-429C-AFB5-37B9BD1A6942}.Debug|x86.Build.0 = Debug|Win32
		{F2141C7B-5662-429C-AFB5-37B9BD1A6942}.Release|x64.ActiveCfg = Release|x64
		{F2141C7B-5662-429C-AFB5-37B9BD1A6942}.Release|x64.Build.0 = Release|x64
		{F2141C7B-5662-429C-AFB5-37B9BD1A6942}.Release|x86.ActiveCfg = Release|Win32
		{F2141C7B-5662-429C-AFB5-37B9BD1A6942}.Release|x86.Build.0 = Release|Win32
	EndGlobalSection
	GlobalSection(SolutionProperties) = preSolution
		HideSolutionNode = FALSE
	EndGlobalSection
	GlobalSection(ExtensibilityGlobals) = postSolution
		SolutionGuid = {BB99BE60-A795-454C-A172-68179CB07539}
	EndGlobalSection
EndGlobal
